
Microsoft Visual Studio Solution File, Format Version 12.00
# Visual Studio 15
VisualStudioVersion = 15.0.28010.2050
MinimumVisualStudioVersion = 10.0.40219.1
Project("{9A19103F-16F7-4668-BE54-9A1E7A4F7556}") = "MVCtesting", "MVCtesting\MVCtesting.csproj", "{0CA4C799-68CE-4C34-9032-53DCE66BD0EC}"
EndProject
Project("{FAE04EC0-301F-11D3-BF4B-00C04F79EFBC}") = "MVCtesting.tests", "MVCtesting.tests\MVCtesting.tests.csproj", "{013248A9-4F6F-4662-AD56-6DB399E6AB96}"
EndProject
Global
	GlobalSection(SolutionConfigurationPlatforms) = preSolution
		Debug|Any CPU = Debug|Any CPU
		Release|Any CPU = Release|Any CPU
	EndGlobalSection
	GlobalSection(ProjectConfigurationPlatforms) = postSolution
		{0CA4C799-68CE-4C34-9032-53DCE66BD0EC}.Debug|Any CPU.ActiveCfg = Debug|Any CPU
		{0CA4C799-68CE-4C34-9032-53DCE66BD0EC}.Debug|Any CPU.Build.0 = Debug|Any CPU
		{0CA4C799-68CE-4C34-9032-53DCE66BD0EC}.Release|Any CPU.ActiveCfg = Release|Any CPU
		{0CA4C799-68CE-4C34-9032-53DCE66BD0EC}.Release|Any CPU.Build.0 = Release|Any CPU
		{013248A9-4F6F-4662-AD56-6DB399E6AB96}.Debug|Any CPU.ActiveCfg = Debug|Any CPU
		{013248A9-4F6F-4662-AD56-6DB399E6AB96}.Debug|Any CPU.Build.0 = Debug|Any CPU
		{013248A9-4F6F-4662-AD56-6DB399E6AB96}.Release|Any CPU.ActiveCfg = Release|Any CPU
		{013248A9-4F6F-4662-AD56-6DB399E6AB96}.Release|Any CPU.Build.0 = Release|Any CPU
	EndGlobalSection
	GlobalSection(SolutionProperties) = preSolution
		HideSolutionNode = FALSE
	EndGlobalSection
	GlobalSection(ExtensibilityGlobals) = postSolution
		SolutionGuid = {CD15B49B-258F-44F1-A55C-522A6A63742D}
	EndGlobalSection
EndGlobal
